
Microsoft Visual Studio Solution File, Format Version 12.00
# Visual Studio 2012
# SharpDevelop 5.1
VisualStudioVersion = 12.0.20827.3
MinimumVisualStudioVersion = 10.0.40219.1
Project("{FAE04EC0-301F-11D3-BF4B-00C04F79EFBC}") = "FireCrypt", "FireCrypt\FireCrypt.csproj", "{92CA0BA0-7DD1-42E2-9F01-8B82AB9E3881}"
EndProject
Project("{FAE04EC0-301F-11D3-BF4B-00C04F79EFBC}") = "LibPowerCrypt4", "LibPowerCrypt4\LibPowerCrypt4.csproj", "{027DD64A-53EC-4AB3-BCC8-3F5C210CDCDF}"
EndProject
Global
	GlobalSection(SolutionConfigurationPlatforms) = preSolution
		Debug|Any CPU = Debug|Any CPU
		Release|Any CPU = Release|Any CPU
	EndGlobalSection
	GlobalSection(ProjectConfigurationPlatforms) = postSolution
		{92CA0BA0-7DD1-42E2-9F01-8B82AB9E3881}.Debug|Any CPU.ActiveCfg = Debug|Any CPU
		{92CA0BA0-7DD1-42E2-9F01-8B82AB9E3881}.Debug|Any CPU.Build.0 = Debug|Any CPU
		{92CA0BA0-7DD1-42E2-9F01-8B82AB9E3881}.Release|Any CPU.ActiveCfg = Release|Any CPU
		{92CA0BA0-7DD1-42E2-9F01-8B82AB9E3881}.Release|Any CPU.Build.0 = Release|Any CPU
		{027DD64A-53EC-4AB3-BCC8-3F5C210CDCDF}.Debug|Any CPU.ActiveCfg = Debug|Any CPU
		{027DD64A-53EC-4AB3-BCC8-3F5C210CDCDF}.Debug|Any CPU.Build.0 = Debug|Any CPU
		{027DD64A-53EC-4AB3-BCC8-3F5C210CDCDF}.Release|Any CPU.ActiveCfg = Release|Any CPU
		{027DD64A-53EC-4AB3-BCC8-3F5C210CDCDF}.Release|Any CPU.Build.0 = Release|Any CPU
	EndGlobalSection
EndGlobal
